
Microsoft Visual Studio Solution File, Format Version 12.00
# Visual Studio Version 17
VisualStudioVersion = 17.11.35219.272
MinimumVisualStudioVersion = 10.0.40219.1
Project("{2150E333-8FDC-42A3-9474-1A3956D46DE8}") = "Application", "Application", "{DF96A461-F120-4347-9382-92007A35215D}"
EndProject
Project("{FAE04EC0-301F-11D3-BF4B-00C04F79EFBC}") = "Application", "Application\Application.csproj", "{6B9A39EE-641F-4515-802B-2DDAFB8385D9}"
EndProject
Project("{2150E333-8FDC-42A3-9474-1A3956D46DE8}") = "Domain", "Domain", "{BB4F9332-B3DD-4677-A169-8ED17222055D}"
EndProject
Project("{FAE04EC0-301F-11D3-BF4B-00C04F79EFBC}") = "Domain", "Domain\Domain.csproj", "{8B52700D-61BD-4877-9A4E-71B07D428776}"
EndProject
Project("{2150E333-8FDC-42A3-9474-1A3956D46DE8}") = "Storage", "Storage", "{22C3C613-0EAD-40FB-984C-5207CB378B6A}"
EndProject
Project("{FAE04EC0-301F-11D3-BF4B-00C04F79EFBC}") = "Storage", "Storage\Storage.csproj", "{819E124C-0FF9-4383-AAF6-101102AC70E0}"
EndProject
Project("{FAE04EC0-301F-11D3-BF4B-00C04F79EFBC}") = "WebApi", "WebApi\WebApi.csproj", "{3144612B-11CA-4B23-9C91-CEE8590FCD8D}"
EndProject
Global
	GlobalSection(SolutionConfigurationPlatforms) = preSolution
		Debug|Any CPU = Debug|Any CPU
		Release|Any CPU = Release|Any CPU
	EndGlobalSection
	GlobalSection(ProjectConfigurationPlatforms) = postSolution
		{6B9A39EE-641F-4515-802B-2DDAFB8385D9}.Debug|Any CPU.ActiveCfg = Debug|Any CPU
		{6B9A39EE-641F-4515-802B-2DDAFB8385D9}.Debug|Any CPU.Build.0 = Debug|Any CPU
		{6B9A39EE-641F-4515-802B-2DDAFB8385D9}.Release|Any CPU.ActiveCfg = Release|Any CPU
		{6B9A39EE-641F-4515-802B-2DDAFB8385D9}.Release|Any CPU.Build.0 = Release|Any CPU
		{8B52700D-61BD-4877-9A4E-71B07D428776}.Debug|Any CPU.ActiveCfg = Debug|Any CPU
		{8B52700D-61BD-4877-9A4E-71B07D428776}.Debug|Any CPU.Build.0 = Debug|Any CPU
		{8B52700D-61BD-4877-9A4E-71B07D428776}.Release|Any CPU.ActiveCfg = Release|Any CPU
		{8B52700D-61BD-4877-9A4E-71B07D428776}.Release|Any CPU.Build.0 = Release|Any CPU
		{819E124C-0FF9-4383-AAF6-101102AC70E0}.Debug|Any CPU.ActiveCfg = Debug|Any CPU
		{819E124C-0FF9-4383-AAF6-101102AC70E0}.Debug|Any CPU.Build.0 = Debug|Any CPU
		{819E124C-0FF9-4383-AAF6-101102AC70E0}.Release|Any CPU.ActiveCfg = Release|Any CPU
		{819E124C-0FF9-4383-AAF6-101102AC70E0}.Release|Any CPU.Build.0 = Release|Any CPU
		{3144612B-11CA-4B23-9C91-CEE8590FCD8D}.Debug|Any CPU.ActiveCfg = Debug|Any CPU
		{3144612B-11CA-4B23-9C91-CEE8590FCD8D}.Debug|Any CPU.Build.0 = Debug|Any CPU
		{3144612B-11CA-4B23-9C91-CEE8590FCD8D}.Release|Any CPU.ActiveCfg = Release|Any CPU
		{3144612B-11CA-4B23-9C91-CEE8590FCD8D}.Release|Any CPU.Build.0 = Release|Any CPU
	EndGlobalSection
	GlobalSection(SolutionProperties) = preSolution
		HideSolutionNode = FALSE
	EndGlobalSection
	GlobalSection(NestedProjects) = preSolution
		{6B9A39EE-641F-4515-802B-2DDAFB8385D9} = {DF96A461-F120-4347-9382-92007A35215D}
		{8B52700D-61BD-4877-9A4E-71B07D428776} = {BB4F9332-B3DD-4677-A169-8ED17222055D}
		{819E124C-0FF9-4383-AAF6-101102AC70E0} = {22C3C613-0EAD-40FB-984C-5207CB378B6A}
	EndGlobalSection
	GlobalSection(ExtensibilityGlobals) = postSolution
		SolutionGuid = {A8808032-7486-469A-B9B1-710B6A792552}
	EndGlobalSection
EndGlobal
